
Microsoft Visual Studio Solution File, Format Version 12.00
# Visual Studio 15
VisualStudioVersion = 15.0.27428.2005
MinimumVisualStudioVersion = 10.0.40219.1
Project("{FAE04EC0-301F-11D3-BF4B-00C04F79EFBC}") = "SchoolJournal", "SchoolJournal\SchoolJournal.csproj", "{05146582-205B-4EF4-86A4-47D81FDCBB7C}"
EndProject
Project("{FAE04EC0-301F-11D3-BF4B-00C04F79EFBC}") = "SchoolJournal.Tests", "SchoolJournal.Tests\SchoolJournal.Tests.csproj", "{ADBCF2AE-BF34-40ED-A653-6CC5545D9551}"
EndProject
Global
	GlobalSection(SolutionConfigurationPlatforms) = preSolution
		Debug|Any CPU = Debug|Any CPU
		Release|Any CPU = Release|Any CPU
	EndGlobalSection
	GlobalSection(ProjectConfigurationPlatforms) = postSolution
		{05146582-205B-4EF4-86A4-47D81FDCBB7C}.Debug|Any CPU.ActiveCfg = Debug|Any CPU
		{05146582-205B-4EF4-86A4-47D81FDCBB7C}.Debug|Any CPU.Build.0 = Debug|Any CPU
		{05146582-205B-4EF4-86A4-47D81FDCBB7C}.Release|Any CPU.ActiveCfg = Release|Any CPU
		{05146582-205B-4EF4-86A4-47D81FDCBB7C}.Release|Any CPU.Build.0 = Release|Any CPU
		{ADBCF2AE-BF34-40ED-A653-6CC5545D9551}.Debug|Any CPU.ActiveCfg = Debug|Any CPU
		{ADBCF2AE-BF34-40ED-A653-6CC5545D9551}.Debug|Any CPU.Build.0 = Debug|Any CPU
		{ADBCF2AE-BF34-40ED-A653-6CC5545D9551}.Release|Any CPU.ActiveCfg = Release|Any CPU
		{ADBCF2AE-BF34-40ED-A653-6CC5545D9551}.Release|Any CPU.Build.0 = Release|Any CPU
	EndGlobalSection
	GlobalSection(SolutionProperties) = preSolution
		HideSolutionNode = FALSE
	EndGlobalSection
	GlobalSection(ExtensibilityGlobals) = postSolution
		SolutionGuid = {59790C1E-96A5-4E25-8B42-A6D278583DBC}
	EndGlobalSection
EndGlobal
